
Microsoft Visual Studio Solution File, Format Version 12.00
# Visual Studio Version 17
VisualStudioVersion = 17.5.002.0
MinimumVisualStudioVersion = 10.0.40219.1
Project("{9A19103F-16F7-4668-BE54-9A1E7A4F7556}") = "challengeProject", "challengeProject\challengeProject.csproj", "{030E9096-6925-4505-A4EA-D449B7F148EF}"
EndProject
Project("{9A19103F-16F7-4668-BE54-9A1E7A4F7556}") = "MyProject", "MyProject\MyProject.csproj", "{B66BCFE3-7516-4D39-A9E9-A0305CCDA400}"
EndProject
Global
	GlobalSection(SolutionConfigurationPlatforms) = preSolution
		Debug|Any CPU = Debug|Any CPU
		Release|Any CPU = Release|Any CPU
	EndGlobalSection
	GlobalSection(ProjectConfigurationPlatforms) = postSolution
		{030E9096-6925-4505-A4EA-D449B7F148EF}.Debug|Any CPU.ActiveCfg = Debug|Any CPU
		{030E9096-6925-4505-A4EA-D449B7F148EF}.Debug|Any CPU.Build.0 = Debug|Any CPU
		{030E9096-6925-4505-A4EA-D449B7F148EF}.Release|Any CPU.ActiveCfg = Release|Any CPU
		{030E9096-6925-4505-A4EA-D449B7F148EF}.Release|Any CPU.Build.0 = Release|Any CPU
		{B66BCFE3-7516-4D39-A9E9-A0305CCDA400}.Debug|Any CPU.ActiveCfg = Debug|Any CPU
		{B66BCFE3-7516-4D39-A9E9-A0305CCDA400}.Debug|Any CPU.Build.0 = Debug|Any CPU
		{B66BCFE3-7516-4D39-A9E9-A0305CCDA400}.Release|Any CPU.ActiveCfg = Release|Any CPU
		{B66BCFE3-7516-4D39-A9E9-A0305CCDA400}.Release|Any CPU.Build.0 = Release|Any CPU
	EndGlobalSection
	GlobalSection(SolutionProperties) = preSolution
		HideSolutionNode = FALSE
	EndGlobalSection
	GlobalSection(ExtensibilityGlobals) = postSolution
		SolutionGuid = {FA0A4861-2450-4DFF-BB5A-205FCF16038A}
	EndGlobalSection
EndGlobal
